
Microsoft Visual Studio Solution File, Format Version 12.00
# Visual Studio 15
VisualStudioVersion = 15.0.27703.1
MinimumVisualStudioVersion = 10.0.40219.1
Project("{FAE04EC0-301F-11D3-BF4B-00C04F79EFBC}") = "BSSaberSwap", "BSSaberSwap\BSSaberSwap.csproj", "{D21F68AB-49C2-4DB0-92D4-9706FA1ECF6B}"
EndProject
Global
	GlobalSection(SolutionConfigurationPlatforms) = preSolution
		Debug|Any CPU = Debug|Any CPU
		Release|Any CPU = Release|Any CPU
	EndGlobalSection
	GlobalSection(ProjectConfigurationPlatforms) = postSolution
		{D21F68AB-49C2-4DB0-92D4-9706FA1ECF6B}.Debug|Any CPU.ActiveCfg = Debug|Any CPU
		{D21F68AB-49C2-4DB0-92D4-9706FA1ECF6B}.Debug|Any CPU.Build.0 = Debug|Any CPU
		{D21F68AB-49C2-4DB0-92D4-9706FA1ECF6B}.Release|Any CPU.ActiveCfg = Release|Any CPU
		{D21F68AB-49C2-4DB0-92D4-9706FA1ECF6B}.Release|Any CPU.Build.0 = Release|Any CPU
	EndGlobalSection
	GlobalSection(SolutionProperties) = preSolution
		HideSolutionNode = FALSE
	EndGlobalSection
	GlobalSection(ExtensibilityGlobals) = postSolution
		SolutionGuid = {7A0F4C59-79DD-4E53-9344-29D7F81E3E84}
	EndGlobalSection
EndGlobal
